
Microsoft Visual Studio Solution File, Format Version 12.00
# Visual Studio 14
VisualStudioVersion = 14.0.25123.0
MinimumVisualStudioVersion = 10.0.40219.1
Project("{FAE04EC0-301F-11D3-BF4B-00C04F79EFBC}") = "Parser", "Parser\Parser.csproj", "{DE53CDB9-DF63-4C7C-97A9-2CA7041B0766}"
EndProject
Project("{FAE04EC0-301F-11D3-BF4B-00C04F79EFBC}") = "Domain", "Domain\Domain.csproj", "{07582F4D-0D3E-4D7A-8005-F039F694F408}"
EndProject
Project("{FAE04EC0-301F-11D3-BF4B-00C04F79EFBC}") = "Web", "Web\Web.csproj", "{A9EE38E0-9903-4B13-8923-A71F3429AAF7}"
EndProject
Project("{FAE04EC0-301F-11D3-BF4B-00C04F79EFBC}") = "Infrastructure", "Infrastructure\Infrastructure.csproj", "{FBE1E2C4-2A3C-432B-9DCD-C9897C3A9A54}"
EndProject
Global
	GlobalSection(SolutionConfigurationPlatforms) = preSolution
		Debug|Any CPU = Debug|Any CPU
		Release|Any CPU = Release|Any CPU
	EndGlobalSection
	GlobalSection(ProjectConfigurationPlatforms) = postSolution
		{DE53CDB9-DF63-4C7C-97A9-2CA7041B0766}.Debug|Any CPU.ActiveCfg = Debug|Any CPU
		{DE53CDB9-DF63-4C7C-97A9-2CA7041B0766}.Debug|Any CPU.Build.0 = Debug|Any CPU
		{DE53CDB9-DF63-4C7C-97A9-2CA7041B0766}.Release|Any CPU.ActiveCfg = Release|Any CPU
		{DE53CDB9-DF63-4C7C-97A9-2CA7041B0766}.Release|Any CPU.Build.0 = Release|Any CPU
		{07582F4D-0D3E-4D7A-8005-F039F694F408}.Debug|Any CPU.ActiveCfg = Debug|Any CPU
		{07582F4D-0D3E-4D7A-8005-F039F694F408}.Debug|Any CPU.Build.0 = Debug|Any CPU
		{07582F4D-0D3E-4D7A-8005-F039F694F408}.Release|Any CPU.ActiveCfg = Release|Any CPU
		{07582F4D-0D3E-4D7A-8005-F039F694F408}.Release|Any CPU.Build.0 = Release|Any CPU
		{A9EE38E0-9903-4B13-8923-A71F3429AAF7}.Debug|Any CPU.ActiveCfg = Debug|Any CPU
		{A9EE38E0-9903-4B13-8923-A71F3429AAF7}.Debug|Any CPU.Build.0 = Debug|Any CPU
		{A9EE38E0-9903-4B13-8923-A71F3429AAF7}.Release|Any CPU.ActiveCfg = Release|Any CPU
		{A9EE38E0-9903-4B13-8923-A71F3429AAF7}.Release|Any CPU.Build.0 = Release|Any CPU
		{FBE1E2C4-2A3C-432B-9DCD-C9897C3A9A54}.Debug|Any CPU.ActiveCfg = Debug|Any CPU
		{FBE1E2C4-2A3C-432B-9DCD-C9897C3A9A54}.Debug|Any CPU.Build.0 = Debug|Any CPU
		{FBE1E2C4-2A3C-432B-9DCD-C9897C3A9A54}.Release|Any CPU.ActiveCfg = Release|Any CPU
		{FBE1E2C4-2A3C-432B-9DCD-C9897C3A9A54}.Release|Any CPU.Build.0 = Release|Any CPU
	EndGlobalSection
	GlobalSection(SolutionProperties) = preSolution
		HideSolutionNode = FALSE
	EndGlobalSection
EndGlobal
